
Microsoft Visual Studio Solution File, Format Version 12.00
# Visual Studio Version 16
VisualStudioVersion = 16.0.30717.126
MinimumVisualStudioVersion = 10.0.40219.1
Project("{9A19103F-16F7-4668-BE54-9A1E7A4F7556}") = "MarketEngine", "MarketEngine\MarketEngine.csproj", "{5394CAA7-0B6E-43D2-9028-CDAB6D1206CF}"
EndProject
Global
	GlobalSection(SolutionConfigurationPlatforms) = preSolution
		Debug|Any CPU = Debug|Any CPU
		Release|Any CPU = Release|Any CPU
	EndGlobalSection
	GlobalSection(ProjectConfigurationPlatforms) = postSolution
		{5394CAA7-0B6E-43D2-9028-CDAB6D1206CF}.Debug|Any CPU.ActiveCfg = Debug|Any CPU
		{5394CAA7-0B6E-43D2-9028-CDAB6D1206CF}.Debug|Any CPU.Build.0 = Debug|Any CPU
		{5394CAA7-0B6E-43D2-9028-CDAB6D1206CF}.Release|Any CPU.ActiveCfg = Release|Any CPU
		{5394CAA7-0B6E-43D2-9028-CDAB6D1206CF}.Release|Any CPU.Build.0 = Release|Any CPU
	EndGlobalSection
	GlobalSection(SolutionProperties) = preSolution
		HideSolutionNode = FALSE
	EndGlobalSection
	GlobalSection(ExtensibilityGlobals) = postSolution
		SolutionGuid = {04BF1586-B87E-4384-89E1-162C531E0724}
	EndGlobalSection
EndGlobal
